// !$*UTF8*$!
{
	archiveVersion = 1;
	classes = {
	};
	objectVersion = 52;
	objects = {

/* Begin PBXBuildFile section */
		8E312F562493DF3800734C68 /* main.swift in Sources */ = {isa = PBXBuildFile; fileRef = 8E312F552493DF3800734C68 /* main.swift */; };
		8E312F5C2493DFDD00734C68 /* xcopen in CopyFiles */ = {isa = PBXBuildFile; fileRef = 8E312F522493DF3800734C68 /* xcopen */; };
		8E81697D24A1A243006A71C4 /* Utility.swift in Sources */ = {isa = PBXBuildFile; fileRef = 8E81697C24A1A243006A71C4 /* Utility.swift */; };
		8ECACEBE24A262D100E13D55 /* ArgumentParser in Frameworks */ = {isa = PBXBuildFile; productRef = 8ECACEBD24A262D100E13D55 /* ArgumentParser */; };
		8ECACEC124A262E500E13D55 /* GeneralUtility in Frameworks */ = {isa = PBXBuildFile; productRef = 8ECACEC024A262E500E13D55 /* GeneralUtility */; };
/* End PBXBuildFile section */

/* Begin PBXCopyFilesBuildPhase section */
		8E312F502493DF3800734C68 /* CopyFiles */ = {
			isa = PBXCopyFilesBuildPhase;
			buildActionMask = 12;
			dstPath = /usr/local/bin;
			dstSubfolderSpec = 0;
			files = (
				8E312F5C2493DFDD00734C68 /* xcopen in CopyFiles */,
			);
			runOnlyForDeploymentPostprocessing = 0;
		};
/* End PBXCopyFilesBuildPhase section */

/* Begin PBXFileReference section */
		8E312F522493DF3800734C68 /* xcopen */ = {isa = PBXFileReference; explicitFileType = "compiled.mach-o.executable"; includeInIndex = 0; path = xcopen; sourceTree = BUILT_PRODUCTS_DIR; };
		8E312F552493DF3800734C68 /* main.swift */ = {isa = PBXFileReference; lastKnownFileType = sourcecode.swift; path = main.swift; sourceTree = "<group>"; };
		8E81697C24A1A243006A71C4 /* Utility.swift */ = {isa = PBXFileReference; lastKnownFileType = sourcecode.swift; path = Utility.swift; sourceTree = "<group>"; };
/* End PBXFileReference section */

/* Begin PBXFrameworksBuildPhase section */
		8E312F4F2493DF3800734C68 /* Frameworks */ = {
			isa = PBXFrameworksBuildPhase;
			buildActionMask = 2147483647;
			files = (
				8ECACEC124A262E500E13D55 /* GeneralUtility in Frameworks */,
				8ECACEBE24A262D100E13D55 /* ArgumentParser in Frameworks */,
			);
			runOnlyForDeploymentPostprocessing = 0;
		};
/* End PBXFrameworksBuildPhase section */

/* Begin PBXGroup section */
		8E312F492493DF3800734C68 = {
			isa = PBXGroup;
			children = (
				8E312F542493DF3800734C68 /* xcopen */,
				8E312F532493DF3800734C68 /* Products */,
			);
			sourceTree = "<group>";
		};
		8E312F532493DF3800734C68 /* Products */ = {
			isa = PBXGroup;
			children = (
				8E312F522493DF3800734C68 /* xcopen */,
			);
			name = Products;
			sourceTree = "<group>";
		};
		8E312F542493DF3800734C68 /* xcopen */ = {
			isa = PBXGroup;
			children = (
				8E312F552493DF3800734C68 /* main.swift */,
				8E81697C24A1A243006A71C4 /* Utility.swift */,
			);
			path = xcopen;
			sourceTree = "<group>";
		};
/* End PBXGroup section */

/* Begin PBXNativeTarget section */
		8E312F512493DF3800734C68 /* xcopen */ = {
			isa = PBXNativeTarget;
			buildConfigurationList = 8E312F592493DF3800734C68 /* Build configuration list for PBXNativeTarget "xcopen" */;
			buildPhases = (
				8E312F4E2493DF3800734C68 /* Sources */,
				8E312F4F2493DF3800734C68 /* Frameworks */,
				8E312F502493DF3800734C68 /* CopyFiles */,
			);
			buildRules = (
			);
			dependencies = (
			);
			name = xcopen;
			packageProductDependencies = (
				8ECACEBD24A262D100E13D55 /* ArgumentParser */,
				8ECACEC024A262E500E13D55 /* GeneralUtility */,
			);
			productName = xcopen;
			productReference = 8E312F522493DF3800734C68 /* xcopen */;
			productType = "com.apple.product-type.tool";
		};
/* End PBXNativeTarget section */

/* Begin PBXProject section */
		8E312F4A2493DF3800734C68 /* Project object */ = {
			isa = PBXProject;
			attributes = {
				LastSwiftUpdateCheck = 1150;
				LastUpgradeCheck = 1150;
				ORGANIZATIONNAME = "Erica Sadun";
				TargetAttributes = {
					8E312F512493DF3800734C68 = {
						CreatedOnToolsVersion = 11.5;
					};
				};
			};
			buildConfigurationList = 8E312F4D2493DF3800734C68 /* Build configuration list for PBXProject "xcopen" */;
			compatibilityVersion = "Xcode 9.3";
			developmentRegion = en;
			hasScannedForEncodings = 0;
			knownRegions = (
				en,
				Base,
			);
			mainGroup = 8E312F492493DF3800734C68;
			packageReferences = (
				8ECACEBC24A262D100E13D55 /* XCRemoteSwiftPackageReference "Swift-Argument-Parser" */,
				8ECACEBF24A262E500E13D55 /* XCRemoteSwiftPackageReference "Swift-General-Utility" */,
			);
			productRefGroup = 8E312F532493DF3800734C68 /* Products */;
			projectDirPath = "";
			projectRoot = "";
			targets = (
				8E312F512493DF3800734C68 /* xcopen */,
			);
		};
/* End PBXProject section */

/* Begin PBXSourcesBuildPhase section */
		8E312F4E2493DF3800734C68 /* Sources */ = {
			isa = PBXSourcesBuildPhase;
			buildActionMask = 2147483647;
			files = (
				8E81697D24A1A243006A71C4 /* Utility.swift in Sources */,
				8E312F562493DF3800734C68 /* main.swift in Sources */,
			);
			runOnlyForDeploymentPostprocessing = 0;
		};
/* End PBXSourcesBuildPhase section */

/* Begin XCBuildConfiguration section */
		8E312F572493DF3800734C68 /* Debug */ = {
			isa = XCBuildConfiguration;
			buildSettings = {
				ALWAYS_SEARCH_USER_PATHS = NO;
				CLANG_ANALYZER_NONNULL = YES;
				CLANG_ANALYZER_NUMBER_OBJECT_CONVERSION = YES_AGGRESSIVE;
				CLANG_CXX_LANGUAGE_STANDARD = "gnu++14";
				CLANG_CXX_LIBRARY = "libc++";
				CLANG_ENABLE_MODULES = YES;
				CLANG_ENABLE_OBJC_ARC = YES;
				CLANG_ENABLE_OBJC_WEAK = YES;
				CLANG_WARN_BLOCK_CAPTURE_AUTORELEASING = YES;
				CLANG_WARN_BOOL_CONVERSION = YES;
				CLANG_WARN_COMMA = YES;
				CLANG_WARN_CONSTANT_CONVERSION = YES;
				CLANG_WARN_DEPRECATED_OBJC_IMPLEMENTATIONS = YES;
				CLANG_WARN_DIRECT_OBJC_ISA_USAGE = YES_ERROR;
				CLANG_WARN_DOCUMENTATION_COMMENTS = YES;
				CLANG_WARN_EMPTY_BODY = YES;
				CLANG_WARN_ENUM_CONVERSION = YES;
				CLANG_WARN_INFINITE_RECURSION = YES;
				CLANG_WARN_INT_CONVERSION = YES;
				CLANG_WARN_NON_LITERAL_NULL_CONVERSION = YES;
				CLANG_WARN_OBJC_IMPLICIT_RETAIN_SELF = YES;
				CLANG_WARN_OBJC_LITERAL_CONVERSION = YES;
				CLANG_WARN_OBJC_ROOT_CLASS = YES_ERROR;
				CLANG_WARN_RANGE_LOOP_ANALYSIS = YES;
				CLANG_WARN_STRICT_PROTOTYPES = YES;
				CLANG_WARN_SUSPICIOUS_MOVE = YES;
				CLANG_WARN_UNGUARDED_AVAILABILITY = YES_AGGRESSIVE;
				CLANG_WARN_UNREACHABLE_CODE = YES;
				CLANG_WARN__DUPLICATE_METHOD_MATCH = YES;
				COPY_PHASE_STRIP = NO;
				DEBUG_INFORMATION_FORMAT = dwarf;
				ENABLE_STRICT_OBJC_MSGSEND = YES;
				ENABLE_TESTABILITY = YES;
				GCC_C_LANGUAGE_STANDARD = gnu11;
				GCC_DYNAMIC_NO_PIC = NO;
				GCC_NO_COMMON_BLOCKS = YES;
				GCC_OPTIMIZATION_LEVEL = 0;
				GCC_PREPROCESSOR_DEFINITIONS = (
					"DEBUG=1",
					"$(inherited)",
				);
				GCC_WARN_64_TO_32_BIT_CONVERSION = YES;
				GCC_WARN_ABOUT_RETURN_TYPE = YES_ERROR;
				GCC_WARN_UNDECLARED_SELECTOR = YES;
				GCC_WARN_UNINITIALIZED_AUTOS = YES_AGGRESSIVE;
				GCC_WARN_UNUSED_FUNCTION = YES;
				GCC_WARN_UNUSED_VARIABLE = YES;
				MACOSX_DEPLOYMENT_TARGET = 10.15;
				MTL_ENABLE_DEBUG_INFO = INCLUDE_SOURCE;
				MTL_FAST_MATH = YES;
				ONLY_ACTIVE_ARCH = YES;
				SDKROOT = macosx;
				SWIFT_ACTIVE_COMPILATION_CONDITIONS = DEBUG;
				SWIFT_OPTIMIZATION_LEVEL = "-Onone";
			};
			name = Debug;
		};
		8E312F582493DF3800734C68 /* Release */ = {
			isa = XCBuildConfiguration;
			buildSettings = {
				ALWAYS_SEARCH_USER_PATHS = NO;
				CLANG_ANALYZER_NONNULL = YES;
				CLANG_ANALYZER_NUMBER_OBJECT_CONVERSION = YES_AGGRESSIVE;
				CLANG_CXX_LANGUAGE_STANDARD = "gnu++14";
				CLANG_CXX_LIBRARY = "libc++";
				CLANG_ENABLE_MODULES = YES;
				CLANG_ENABLE_OBJC_ARC = YES;
				CLANG_ENABLE_OBJC_WEAK = YES;
				CLANG_WARN_BLOCK_CAPTURE_AUTORELEASING = YES;
				CLANG_WARN_BOOL_CONVERSION = YES;
				CLANG_WARN_COMMA = YES;
				CLANG_WARN_CONSTANT_CONVERSION = YES;
				CLANG_WARN_DEPRECATED_OBJC_IMPLEMENTATIONS = YES;
				CLANG_WARN_DIRECT_OBJC_ISA_USAGE = YES_ERROR;
				CLANG_WARN_DOCUMENTATION_COMMENTS = YES;
				CLANG_WARN_EMPTY_BODY = YES;
				CLANG_WARN_ENUM_CONVERSION = YES;
				CLANG_WARN_INFINITE_RECURSION = YES;
				CLANG_WARN_INT_CONVERSION = YES;
				CLANG_WARN_NON_LITERAL_NULL_CONVERSION = YES;
				CLANG_WARN_OBJC_IMPLICIT_RETAIN_SELF = YES;
				CLANG_WARN_OBJC_LITERAL_CONVERSION = YES;
				CLANG_WARN_OBJC_ROOT_CLASS = YES_ERROR;
				CLANG_WARN_RANGE_LOOP_ANALYSIS = YES;
				CLANG_WARN_STRICT_PROTOTYPES = YES;
				CLANG_WARN_SUSPICIOUS_MOVE = YES;
				CLANG_WARN_UNGUARDED_AVAILABILITY = YES_AGGRESSIVE;
				CLANG_WARN_UNREACHABLE_CODE = YES;
				CLANG_WARN__DUPLICATE_METHOD_MATCH = YES;
				COPY_PHASE_STRIP = NO;
				DEBUG_INFORMATION_FORMAT = "dwarf-with-dsym";
				ENABLE_NS_ASSERTIONS = NO;
				ENABLE_STRICT_OBJC_MSGSEND = YES;
				GCC_C_LANGUAGE_STANDARD = gnu11;
				GCC_NO_COMMON_BLOCKS = YES;
				GCC_WARN_64_TO_32_BIT_CONVERSION = YES;
				GCC_WARN_ABOUT_RETURN_TYPE = YES_ERROR;
				GCC_WARN_UNDECLARED_SELECTOR = YES;
				GCC_WARN_UNINITIALIZED_AUTOS = YES_AGGRESSIVE;
				GCC_WARN_UNUSED_FUNCTION = YES;
				GCC_WARN_UNUSED_VARIABLE = YES;
				MACOSX_DEPLOYMENT_TARGET = 10.15;
				MTL_ENABLE_DEBUG_INFO = NO;
				MTL_FAST_MATH = YES;
				SDKROOT = macosx;
				SWIFT_COMPILATION_MODE = wholemodule;
				SWIFT_OPTIMIZATION_LEVEL = "-O";
			};
			name = Release;
		};
		8E312F5A2493DF3800734C68 /* Debug */ = {
			isa = XCBuildConfiguration;
			buildSettings = {
				CODE_SIGN_STYLE = Automatic;
				DEVELOPMENT_TEAM = 2W4DVPEQ39;
				ENABLE_HARDENED_RUNTIME = YES;
				PRODUCT_NAME = "$(TARGET_NAME)";
				SWIFT_VERSION = 5.0;
			};
			name = Debug;
		};
		8E312F5B2493DF3800734C68 /* Release */ = {
			isa = XCBuildConfiguration;
			buildSettings = {
				CODE_SIGN_STYLE = Automatic;
				DEVELOPMENT_TEAM = 2W4DVPEQ39;
				ENABLE_HARDENED_RUNTIME = YES;
				PRODUCT_NAME = "$(TARGET_NAME)";
				SWIFT_VERSION = 5.0;
			};
			name = Release;
		};
/* End XCBuildConfiguration section */

/* Begin XCConfigurationList section */
		8E312F4D2493DF3800734C68 /* Build configuration list for PBXProject "xcopen" */ = {
			isa = XCConfigurationList;
			buildConfigurations = (
				8E312F572493DF3800734C68 /* Debug */,
				8E312F582493DF3800734C68 /* Release */,
			);
			defaultConfigurationIsVisible = 0;
			defaultConfigurationName = Release;
		};
		8E312F592493DF3800734C68 /* Build configuration list for PBXNativeTarget "xcopen" */ = {
			isa = XCConfigurationList;
			buildConfigurations = (
				8E312F5A2493DF3800734C68 /* Debug */,
				8E312F5B2493DF3800734C68 /* Release */,
			);
			defaultConfigurationIsVisible = 0;
			defaultConfigurationName = Release;
		};
/* End XCConfigurationList section */

/* Begin XCRemoteSwiftPackageReference section */
		8ECACEBC24A262D100E13D55 /* XCRemoteSwiftPackageReference "Swift-Argument-Parser" */ = {
			isa = XCRemoteSwiftPackageReference;
			repositoryURL = "https://github.com/apple/Swift-Argument-Parser";
			requirement = {
				kind = upToNextMajorVersion;
				minimumVersion = 0.2.0;
			};
		};
		8ECACEBF24A262E500E13D55 /* XCRemoteSwiftPackageReference "Swift-General-Utility" */ = {
			isa = XCRemoteSwiftPackageReference;
			repositoryURL = "https://github.com/erica/Swift-General-Utility.git";
			requirement = {
				kind = upToNextMajorVersion;
				minimumVersion = 0.0.1;
			};
		};
/* End XCRemoteSwiftPackageReference section */

/* Begin XCSwiftPackageProductDependency section */
		8ECACEBD24A262D100E13D55 /* ArgumentParser */ = {
			isa = XCSwiftPackageProductDependency;
			package = 8ECACEBC24A262D100E13D55 /* XCRemoteSwiftPackageReference "Swift-Argument-Parser" */;
			productName = ArgumentParser;
		};
		8ECACEC024A262E500E13D55 /* GeneralUtility */ = {
			isa = XCSwiftPackageProductDependency;
			package = 8ECACEBF24A262E500E13D55 /* XCRemoteSwiftPackageReference "Swift-General-Utility" */;
			productName = GeneralUtility;
		};
/* End XCSwiftPackageProductDependency section */
	};
	rootObject = 8E312F4A2493DF3800734C68 /* Project object */;
}
