{
  "object": {
    "pins": [
      {
        "package": "swift-argument-parser",
        "repositoryURL": "https://github.com/apple/swift-argument-parser",
        "state": {
          "branch": null,
          "revision": "eb51f949cdd0c9d88abba9ce79d37eb7ea1231d0",
          "version": "0.2.0"
        }
      },
      {
        "package": "Swift-General-Utility",
        "repositoryURL": "https://github.com/erica/Swift-General-Utility",
        "state": {
          "branch": null,
          "revision": "07fd8dc71686f805018685635208dfac862da672",
          "version": "0.0.6"
        }
      },
      {
        "package": "Swift-Mac-Utility",
        "repositoryURL": "https://github.com/erica/Swift-Mac-Utility",
        "state": {
          "branch": null,
          "revision": "f41b267514f1497d60469549e63fa34abca53726",
          "version": "0.0.3"
        }
      }
    ]
  },
  "version": 1
}
