{
  "object": {
    "pins": [
      {
        "package": "swift-argument-parser",
        "repositoryURL": "https://github.com/apple/swift-argument-parser",
        "state": {
          "branch": null,
          "revision": "eb51f949cdd0c9d88abba9ce79d37eb7ea1231d0",
          "version": "0.2.0"
        }
      },
      {
        "package": "GeneralUtility",
        "repositoryURL": "https://github.com/erica/Swift-General-Utility",
        "state": {
          "branch": null,
          "revision": "d4cd4ec6a89e7ddcdee79053acfbf95bc7730994",
          "version": "0.0.3"
        }
      },
      {
        "package": "MacUtility",
        "repositoryURL": "https://github.com/erica/Swift-Mac-Utility",
        "state": {
          "branch": null,
          "revision": "1509b2a5f9f6bf0a8804dad1f8be4a018d757591",
          "version": "0.0.1"
        }
      }
    ]
  },
  "version": 1
}
